
Microsoft Visual Studio Solution File, Format Version 12.00
# Visual Studio Version 17
VisualStudioVersion = 17.4.33103.184
MinimumVisualStudioVersion = 10.0.40219.1
Project("{FAE04EC0-301F-11D3-BF4B-00C04F79EFBC}") = "ModuleForm", "..\ModuleForm\ModuleForm.csproj", "{9175AFF6-74B6-4B83-AC10-12535665EA55}"
EndProject
Project("{FAE04EC0-301F-11D3-BF4B-00C04F79EFBC}") = "Data", "..\Data\Data.csproj", "{7204AB5D-9C89-4E93-BDE3-C14D4CC114C9}"
EndProject
Global
	GlobalSection(SolutionConfigurationPlatforms) = preSolution
		Debug|Any CPU = Debug|Any CPU
		Release|Any CPU = Release|Any CPU
	EndGlobalSection
	GlobalSection(ProjectConfigurationPlatforms) = postSolution
		{9175AFF6-74B6-4B83-AC10-12535665EA55}.Debug|Any CPU.ActiveCfg = Debug|Any CPU
		{9175AFF6-74B6-4B83-AC10-12535665EA55}.Debug|Any CPU.Build.0 = Debug|Any CPU
		{9175AFF6-74B6-4B83-AC10-12535665EA55}.Release|Any CPU.ActiveCfg = Release|Any CPU
		{9175AFF6-74B6-4B83-AC10-12535665EA55}.Release|Any CPU.Build.0 = Release|Any CPU
		{7204AB5D-9C89-4E93-BDE3-C14D4CC114C9}.Debug|Any CPU.ActiveCfg = Debug|Any CPU
		{7204AB5D-9C89-4E93-BDE3-C14D4CC114C9}.Debug|Any CPU.Build.0 = Debug|Any CPU
		{7204AB5D-9C89-4E93-BDE3-C14D4CC114C9}.Release|Any CPU.ActiveCfg = Release|Any CPU
		{7204AB5D-9C89-4E93-BDE3-C14D4CC114C9}.Release|Any CPU.Build.0 = Release|Any CPU
	EndGlobalSection
	GlobalSection(SolutionProperties) = preSolution
		HideSolutionNode = FALSE
	EndGlobalSection
	GlobalSection(ExtensibilityGlobals) = postSolution
		SolutionGuid = {2B33350B-DDA6-4A9C-9AEA-763FA67052DB}
	EndGlobalSection
EndGlobal
